
Microsoft Visual Studio Solution File, Format Version 12.00
# Visual Studio Version 17
VisualStudioVersion = 17.6.33723.286
MinimumVisualStudioVersion = 10.0.40219.1
Project("{9A19103F-16F7-4668-BE54-9A1E7A4F7556}") = "UI_Automation_Selenium", "UI_Automation_Selenium\UI_Automation_Selenium.csproj", "{636E9094-361A-4ADC-A172-554CAECF7AAE}"
EndProject
Project("{9A19103F-16F7-4668-BE54-9A1E7A4F7556}") = "Application.Pages", "Application.Pages\Application.Pages.csproj", "{2BB3AB04-48F9-4C6A-AA3D-35257F0C5888}"
EndProject
Project("{2150E333-8FDC-42A3-9474-1A3956D46DE8}") = "Solution Items", "Solution Items", "{9D522D79-1AF2-48A5-92D9-69DF2E63926E}"
	ProjectSection(SolutionItems) = preProject
		Settings.runsettings = Settings.runsettings
	EndProjectSection
EndProject
Project("{9A19103F-16F7-4668-BE54-9A1E7A4F7556}") = "Framework", "Framework\Framework.csproj", "{E46D3418-EAC8-4A04-8C89-3865EA01B1B3}"
EndProject
Project("{9A19103F-16F7-4668-BE54-9A1E7A4F7556}") = "WireMockTool_Practice", "WireMockTool_Practice\WireMockTool_Practice.csproj", "{62670CBC-0E33-40AC-AECC-273299243E09}"
EndProject
Project("{9A19103F-16F7-4668-BE54-9A1E7A4F7556}") = "API_Automation_RestSharp", "API_Automation_RestSharp\API_Automation_RestSharp.csproj", "{ADF96F1E-D38B-4E86-9AD0-CCCC878C3B7C}"
EndProject
Project("{9A19103F-16F7-4668-BE54-9A1E7A4F7556}") = "_BookStore", "_BookStore\_BookStore.csproj", "{59FA3A70-CC81-4B1E-BC10-C7159036E3EB}"
EndProject
Project("{9A19103F-16F7-4668-BE54-9A1E7A4F7556}") = "_BookStore.DataAccess", "_BookStore.DataAccess\_BookStore.DataAccess.csproj", "{2762B9CE-4CCC-4538-AA21-5EAF172CFD35}"
EndProject
Project("{9A19103F-16F7-4668-BE54-9A1E7A4F7556}") = "_BookStore.Model", "_BookStore.Model\_BookStore.Model.csproj", "{0A70D2BF-0A57-4B7A-87FA-2BDE814F4B1D}"
EndProject
Project("{9A19103F-16F7-4668-BE54-9A1E7A4F7556}") = "_BookStore.Utility", "_BookStore.Utility\_BookStore.Utility.csproj", "{C3338158-8909-49F7-B7C8-249FC5C26B4E}"
EndProject
Project("{9A19103F-16F7-4668-BE54-9A1E7A4F7556}") = "PlaywrightSpecflowPOM_BDD", "PlaywrightSpecflowPOM_BDD\PlaywrightSpecflowPOM_BDD.csproj", "{27122D5C-3916-4C1C-B1D6-F2C9216130AF}"
EndProject
Project("{9A19103F-16F7-4668-BE54-9A1E7A4F7556}") = "SeleniumSpecflowPOM_BDD", "SeleniumSpecflowPOM_BDD\SeleniumSpecflowPOM_BDD.csproj", "{00DC047A-54A3-41D0-A6EB-143E1F677026}"
EndProject
Project("{2150E333-8FDC-42A3-9474-1A3956D46DE8}") = "BookStoreWebApplication", "BookStoreWebApplication", "{ADF73320-42EF-47A6-B1D8-CECA1272D46B}"
EndProject
Project("{2150E333-8FDC-42A3-9474-1A3956D46DE8}") = "src", "src", "{C8B14B82-5194-4070-ABD0-1DFB72F60697}"
EndProject
Project("{2150E333-8FDC-42A3-9474-1A3956D46DE8}") = "tests", "tests", "{CD7ED352-FDAB-4ABD-B4F7-CE5F7BF9C600}"
EndProject
Project("{FAE04EC0-301F-11D3-BF4B-00C04F79EFBC}") = "_BookStore.UnitTests", "_BookStore.UnitTests\_BookStore.UnitTests.csproj", "{454AC457-4F24-4E2C-BC4D-657C3739C668}"
EndProject
Global
	GlobalSection(SolutionConfigurationPlatforms) = preSolution
		Debug|Any CPU = Debug|Any CPU
		Release|Any CPU = Release|Any CPU
	EndGlobalSection
	GlobalSection(ProjectConfigurationPlatforms) = postSolution
		{636E9094-361A-4ADC-A172-554CAECF7AAE}.Debug|Any CPU.ActiveCfg = Debug|Any CPU
		{636E9094-361A-4ADC-A172-554CAECF7AAE}.Debug|Any CPU.Build.0 = Debug|Any CPU
		{636E9094-361A-4ADC-A172-554CAECF7AAE}.Release|Any CPU.ActiveCfg = Release|Any CPU
		{636E9094-361A-4ADC-A172-554CAECF7AAE}.Release|Any CPU.Build.0 = Release|Any CPU
		{2BB3AB04-48F9-4C6A-AA3D-35257F0C5888}.Debug|Any CPU.ActiveCfg = Debug|Any CPU
		{2BB3AB04-48F9-4C6A-AA3D-35257F0C5888}.Debug|Any CPU.Build.0 = Debug|Any CPU
		{2BB3AB04-48F9-4C6A-AA3D-35257F0C5888}.Release|Any CPU.ActiveCfg = Release|Any CPU
		{2BB3AB04-48F9-4C6A-AA3D-35257F0C5888}.Release|Any CPU.Build.0 = Release|Any CPU
		{E46D3418-EAC8-4A04-8C89-3865EA01B1B3}.Debug|Any CPU.ActiveCfg = Debug|Any CPU
		{E46D3418-EAC8-4A04-8C89-3865EA01B1B3}.Debug|Any CPU.Build.0 = Debug|Any CPU
		{E46D3418-EAC8-4A04-8C89-3865EA01B1B3}.Release|Any CPU.ActiveCfg = Release|Any CPU
		{E46D3418-EAC8-4A04-8C89-3865EA01B1B3}.Release|Any CPU.Build.0 = Release|Any CPU
		{62670CBC-0E33-40AC-AECC-273299243E09}.Debug|Any CPU.ActiveCfg = Debug|Any CPU
		{62670CBC-0E33-40AC-AECC-273299243E09}.Debug|Any CPU.Build.0 = Debug|Any CPU
		{62670CBC-0E33-40AC-AECC-273299243E09}.Release|Any CPU.ActiveCfg = Release|Any CPU
		{62670CBC-0E33-40AC-AECC-273299243E09}.Release|Any CPU.Build.0 = Release|Any CPU
		{ADF96F1E-D38B-4E86-9AD0-CCCC878C3B7C}.Debug|Any CPU.ActiveCfg = Debug|Any CPU
		{ADF96F1E-D38B-4E86-9AD0-CCCC878C3B7C}.Debug|Any CPU.Build.0 = Debug|Any CPU
		{ADF96F1E-D38B-4E86-9AD0-CCCC878C3B7C}.Release|Any CPU.ActiveCfg = Release|Any CPU
		{ADF96F1E-D38B-4E86-9AD0-CCCC878C3B7C}.Release|Any CPU.Build.0 = Release|Any CPU
		{59FA3A70-CC81-4B1E-BC10-C7159036E3EB}.Debug|Any CPU.ActiveCfg = Debug|Any CPU
		{59FA3A70-CC81-4B1E-BC10-C7159036E3EB}.Debug|Any CPU.Build.0 = Debug|Any CPU
		{59FA3A70-CC81-4B1E-BC10-C7159036E3EB}.Release|Any CPU.ActiveCfg = Release|Any CPU
		{59FA3A70-CC81-4B1E-BC10-C7159036E3EB}.Release|Any CPU.Build.0 = Release|Any CPU
		{2762B9CE-4CCC-4538-AA21-5EAF172CFD35}.Debug|Any CPU.ActiveCfg = Debug|Any CPU
		{2762B9CE-4CCC-4538-AA21-5EAF172CFD35}.Debug|Any CPU.Build.0 = Debug|Any CPU
		{2762B9CE-4CCC-4538-AA21-5EAF172CFD35}.Release|Any CPU.ActiveCfg = Release|Any CPU
		{2762B9CE-4CCC-4538-AA21-5EAF172CFD35}.Release|Any CPU.Build.0 = Release|Any CPU
		{0A70D2BF-0A57-4B7A-87FA-2BDE814F4B1D}.Debug|Any CPU.ActiveCfg = Debug|Any CPU
		{0A70D2BF-0A57-4B7A-87FA-2BDE814F4B1D}.Debug|Any CPU.Build.0 = Debug|Any CPU
		{0A70D2BF-0A57-4B7A-87FA-2BDE814F4B1D}.Release|Any CPU.ActiveCfg = Release|Any CPU
		{0A70D2BF-0A57-4B7A-87FA-2BDE814F4B1D}.Release|Any CPU.Build.0 = Release|Any CPU
		{C3338158-8909-49F7-B7C8-249FC5C26B4E}.Debug|Any CPU.ActiveCfg = Debug|Any CPU
		{C3338158-8909-49F7-B7C8-249FC5C26B4E}.Debug|Any CPU.Build.0 = Debug|Any CPU
		{C3338158-8909-49F7-B7C8-249FC5C26B4E}.Release|Any CPU.ActiveCfg = Release|Any CPU
		{C3338158-8909-49F7-B7C8-249FC5C26B4E}.Release|Any CPU.Build.0 = Release|Any CPU
		{27122D5C-3916-4C1C-B1D6-F2C9216130AF}.Debug|Any CPU.ActiveCfg = Debug|Any CPU
		{27122D5C-3916-4C1C-B1D6-F2C9216130AF}.Debug|Any CPU.Build.0 = Debug|Any CPU
		{27122D5C-3916-4C1C-B1D6-F2C9216130AF}.Release|Any CPU.ActiveCfg = Release|Any CPU
		{27122D5C-3916-4C1C-B1D6-F2C9216130AF}.Release|Any CPU.Build.0 = Release|Any CPU
		{00DC047A-54A3-41D0-A6EB-143E1F677026}.Debug|Any CPU.ActiveCfg = Debug|Any CPU
		{00DC047A-54A3-41D0-A6EB-143E1F677026}.Debug|Any CPU.Build.0 = Debug|Any CPU
		{00DC047A-54A3-41D0-A6EB-143E1F677026}.Release|Any CPU.ActiveCfg = Release|Any CPU
		{00DC047A-54A3-41D0-A6EB-143E1F677026}.Release|Any CPU.Build.0 = Release|Any CPU
		{454AC457-4F24-4E2C-BC4D-657C3739C668}.Debug|Any CPU.ActiveCfg = Debug|Any CPU
		{454AC457-4F24-4E2C-BC4D-657C3739C668}.Debug|Any CPU.Build.0 = Debug|Any CPU
		{454AC457-4F24-4E2C-BC4D-657C3739C668}.Release|Any CPU.ActiveCfg = Release|Any CPU
		{454AC457-4F24-4E2C-BC4D-657C3739C668}.Release|Any CPU.Build.0 = Release|Any CPU
	EndGlobalSection
	GlobalSection(SolutionProperties) = preSolution
		HideSolutionNode = FALSE
	EndGlobalSection
	GlobalSection(NestedProjects) = preSolution
		{59FA3A70-CC81-4B1E-BC10-C7159036E3EB} = {C8B14B82-5194-4070-ABD0-1DFB72F60697}
		{2762B9CE-4CCC-4538-AA21-5EAF172CFD35} = {C8B14B82-5194-4070-ABD0-1DFB72F60697}
		{0A70D2BF-0A57-4B7A-87FA-2BDE814F4B1D} = {C8B14B82-5194-4070-ABD0-1DFB72F60697}
		{C3338158-8909-49F7-B7C8-249FC5C26B4E} = {C8B14B82-5194-4070-ABD0-1DFB72F60697}
		{C8B14B82-5194-4070-ABD0-1DFB72F60697} = {ADF73320-42EF-47A6-B1D8-CECA1272D46B}
		{CD7ED352-FDAB-4ABD-B4F7-CE5F7BF9C600} = {ADF73320-42EF-47A6-B1D8-CECA1272D46B}
		{454AC457-4F24-4E2C-BC4D-657C3739C668} = {CD7ED352-FDAB-4ABD-B4F7-CE5F7BF9C600}
	EndGlobalSection
	GlobalSection(ExtensibilityGlobals) = postSolution
		SolutionGuid = {603ED4F6-B73F-42A0-ACD2-F8451919D656}
	EndGlobalSection
EndGlobal
