
Microsoft Visual Studio Solution File, Format Version 12.00
# Visual Studio Version 17
VisualStudioVersion = 17.6.33723.286
MinimumVisualStudioVersion = 10.0.40219.1
Project("{9A19103F-16F7-4668-BE54-9A1E7A4F7556}") = "UI_Automation_Selenium", "UI_Automation_Selenium\UI_Automation_Selenium.csproj", "{636E9094-361A-4ADC-A172-554CAECF7AAE}"
EndProject
Project("{9A19103F-16F7-4668-BE54-9A1E7A4F7556}") = "Application.Pages", "Application.Pages\Application.Pages.csproj", "{2BB3AB04-48F9-4C6A-AA3D-35257F0C5888}"
EndProject
Project("{2150E333-8FDC-42A3-9474-1A3956D46DE8}") = "Solution Items", "Solution Items", "{9D522D79-1AF2-48A5-92D9-69DF2E63926E}"
	ProjectSection(SolutionItems) = preProject
		Settings.runsettings = Settings.runsettings
	EndProjectSection
EndProject
Project("{9A19103F-16F7-4668-BE54-9A1E7A4F7556}") = "Framework", "Framework\Framework.csproj", "{E46D3418-EAC8-4A04-8C89-3865EA01B1B3}"
EndProject
Project("{9A19103F-16F7-4668-BE54-9A1E7A4F7556}") = "BDD_with_Specflow", "BDD_with_Specflow\BDD_with_Specflow.csproj", "{33994620-EFCE-4849-9DEE-BC51880FB9B8}"
EndProject
Project("{9A19103F-16F7-4668-BE54-9A1E7A4F7556}") = "WireMockTool_Practice", "WireMockTool_Practice\WireMockTool_Practice.csproj", "{62670CBC-0E33-40AC-AECC-273299243E09}"
EndProject
Project("{9A19103F-16F7-4668-BE54-9A1E7A4F7556}") = "API_Automation_RestSharp", "API_Automation_RestSharp\API_Automation_RestSharp.csproj", "{ADF96F1E-D38B-4E86-9AD0-CCCC878C3B7C}"
EndProject
Project("{9A19103F-16F7-4668-BE54-9A1E7A4F7556}") = "UI_Automation_Playwright", "UI_Automation_Playwright\UI_Automation_Playwright.csproj", "{EB527D29-C18D-4F0C-9208-6806D4ABBFD2}"
EndProject
Project("{9A19103F-16F7-4668-BE54-9A1E7A4F7556}") = "UnitTests", "UnitTest\UnitTests.csproj", "{007F0E08-1816-4A7C-9755-75B0BE2FD611}"
EndProject
Project("{FAE04EC0-301F-11D3-BF4B-00C04F79EFBC}") = "_BookStore", "_BookStore\_BookStore.csproj", "{59FA3A70-CC81-4B1E-BC10-C7159036E3EB}"
EndProject
Global
	GlobalSection(SolutionConfigurationPlatforms) = preSolution
		Debug|Any CPU = Debug|Any CPU
		Release|Any CPU = Release|Any CPU
	EndGlobalSection
	GlobalSection(ProjectConfigurationPlatforms) = postSolution
		{636E9094-361A-4ADC-A172-554CAECF7AAE}.Debug|Any CPU.ActiveCfg = Debug|Any CPU
		{636E9094-361A-4ADC-A172-554CAECF7AAE}.Debug|Any CPU.Build.0 = Debug|Any CPU
		{636E9094-361A-4ADC-A172-554CAECF7AAE}.Release|Any CPU.ActiveCfg = Release|Any CPU
		{636E9094-361A-4ADC-A172-554CAECF7AAE}.Release|Any CPU.Build.0 = Release|Any CPU
		{2BB3AB04-48F9-4C6A-AA3D-35257F0C5888}.Debug|Any CPU.ActiveCfg = Debug|Any CPU
		{2BB3AB04-48F9-4C6A-AA3D-35257F0C5888}.Debug|Any CPU.Build.0 = Debug|Any CPU
		{2BB3AB04-48F9-4C6A-AA3D-35257F0C5888}.Release|Any CPU.ActiveCfg = Release|Any CPU
		{2BB3AB04-48F9-4C6A-AA3D-35257F0C5888}.Release|Any CPU.Build.0 = Release|Any CPU
		{E46D3418-EAC8-4A04-8C89-3865EA01B1B3}.Debug|Any CPU.ActiveCfg = Debug|Any CPU
		{E46D3418-EAC8-4A04-8C89-3865EA01B1B3}.Debug|Any CPU.Build.0 = Debug|Any CPU
		{E46D3418-EAC8-4A04-8C89-3865EA01B1B3}.Release|Any CPU.ActiveCfg = Release|Any CPU
		{E46D3418-EAC8-4A04-8C89-3865EA01B1B3}.Release|Any CPU.Build.0 = Release|Any CPU
		{33994620-EFCE-4849-9DEE-BC51880FB9B8}.Debug|Any CPU.ActiveCfg = Debug|Any CPU
		{33994620-EFCE-4849-9DEE-BC51880FB9B8}.Debug|Any CPU.Build.0 = Debug|Any CPU
		{33994620-EFCE-4849-9DEE-BC51880FB9B8}.Release|Any CPU.ActiveCfg = Release|Any CPU
		{33994620-EFCE-4849-9DEE-BC51880FB9B8}.Release|Any CPU.Build.0 = Release|Any CPU
		{62670CBC-0E33-40AC-AECC-273299243E09}.Debug|Any CPU.ActiveCfg = Debug|Any CPU
		{62670CBC-0E33-40AC-AECC-273299243E09}.Debug|Any CPU.Build.0 = Debug|Any CPU
		{62670CBC-0E33-40AC-AECC-273299243E09}.Release|Any CPU.ActiveCfg = Release|Any CPU
		{62670CBC-0E33-40AC-AECC-273299243E09}.Release|Any CPU.Build.0 = Release|Any CPU
		{ADF96F1E-D38B-4E86-9AD0-CCCC878C3B7C}.Debug|Any CPU.ActiveCfg = Debug|Any CPU
		{ADF96F1E-D38B-4E86-9AD0-CCCC878C3B7C}.Debug|Any CPU.Build.0 = Debug|Any CPU
		{ADF96F1E-D38B-4E86-9AD0-CCCC878C3B7C}.Release|Any CPU.ActiveCfg = Release|Any CPU
		{ADF96F1E-D38B-4E86-9AD0-CCCC878C3B7C}.Release|Any CPU.Build.0 = Release|Any CPU
		{EB527D29-C18D-4F0C-9208-6806D4ABBFD2}.Debug|Any CPU.ActiveCfg = Debug|Any CPU
		{EB527D29-C18D-4F0C-9208-6806D4ABBFD2}.Debug|Any CPU.Build.0 = Debug|Any CPU
		{EB527D29-C18D-4F0C-9208-6806D4ABBFD2}.Release|Any CPU.ActiveCfg = Release|Any CPU
		{EB527D29-C18D-4F0C-9208-6806D4ABBFD2}.Release|Any CPU.Build.0 = Release|Any CPU
		{007F0E08-1816-4A7C-9755-75B0BE2FD611}.Debug|Any CPU.ActiveCfg = Debug|Any CPU
		{007F0E08-1816-4A7C-9755-75B0BE2FD611}.Debug|Any CPU.Build.0 = Debug|Any CPU
		{007F0E08-1816-4A7C-9755-75B0BE2FD611}.Release|Any CPU.ActiveCfg = Release|Any CPU
		{007F0E08-1816-4A7C-9755-75B0BE2FD611}.Release|Any CPU.Build.0 = Release|Any CPU
		{59FA3A70-CC81-4B1E-BC10-C7159036E3EB}.Debug|Any CPU.ActiveCfg = Debug|Any CPU
		{59FA3A70-CC81-4B1E-BC10-C7159036E3EB}.Debug|Any CPU.Build.0 = Debug|Any CPU
		{59FA3A70-CC81-4B1E-BC10-C7159036E3EB}.Release|Any CPU.ActiveCfg = Release|Any CPU
		{59FA3A70-CC81-4B1E-BC10-C7159036E3EB}.Release|Any CPU.Build.0 = Release|Any CPU
	EndGlobalSection
	GlobalSection(SolutionProperties) = preSolution
		HideSolutionNode = FALSE
	EndGlobalSection
	GlobalSection(ExtensibilityGlobals) = postSolution
		SolutionGuid = {603ED4F6-B73F-42A0-ACD2-F8451919D656}
	EndGlobalSection
EndGlobal
